
Microsoft Visual Studio Solution File, Format Version 12.00
# Visual Studio Version 17
VisualStudioVersion = 17.10.35027.167
MinimumVisualStudioVersion = 10.0.40219.1
Project("{FAE04EC0-301F-11D3-BF4B-00C04F79EFBC}") = "HOTEL", "HOTEL\HOTEL.csproj", "{4177DA45-D8C2-447C-969E-DAB4A398FE1E}"
EndProject
Global
	GlobalSection(SolutionConfigurationPlatforms) = preSolution
		Debug|Any CPU = Debug|Any CPU
		Release|Any CPU = Release|Any CPU
	EndGlobalSection
	GlobalSection(ProjectConfigurationPlatforms) = postSolution
		{4177DA45-D8C2-447C-969E-DAB4A398FE1E}.Debug|Any CPU.ActiveCfg = Debug|Any CPU
		{4177DA45-D8C2-447C-969E-DAB4A398FE1E}.Debug|Any CPU.Build.0 = Debug|Any CPU
		{4177DA45-D8C2-447C-969E-DAB4A398FE1E}.Release|Any CPU.ActiveCfg = Release|Any CPU
		{4177DA45-D8C2-447C-969E-DAB4A398FE1E}.Release|Any CPU.Build.0 = Release|Any CPU
	EndGlobalSection
	GlobalSection(SolutionProperties) = preSolution
		HideSolutionNode = FALSE
	EndGlobalSection
	GlobalSection(ExtensibilityGlobals) = postSolution
		SolutionGuid = {2159653F-4E2C-4B21-93B1-676D658C8A06}
	EndGlobalSection
EndGlobal
